
Microsoft Visual Studio Solution File, Format Version 12.00
# Visual Studio Version 17
VisualStudioVersion = 17.5.33516.290
MinimumVisualStudioVersion = 10.0.40219.1
Project("{FAE04EC0-301F-11D3-BF4B-00C04F79EFBC}") = "Quarto_Projeto", "Quarto_Projeto\Quarto_Projeto.csproj", "{BD5A27B8-EFE1-4868-A134-82681DCA0A8D}"
EndProject
Global
	GlobalSection(SolutionConfigurationPlatforms) = preSolution
		Debug|Any CPU = Debug|Any CPU
		Release|Any CPU = Release|Any CPU
	EndGlobalSection
	GlobalSection(ProjectConfigurationPlatforms) = postSolution
		{BD5A27B8-EFE1-4868-A134-82681DCA0A8D}.Debug|Any CPU.ActiveCfg = Debug|Any CPU
		{BD5A27B8-EFE1-4868-A134-82681DCA0A8D}.Debug|Any CPU.Build.0 = Debug|Any CPU
		{BD5A27B8-EFE1-4868-A134-82681DCA0A8D}.Release|Any CPU.ActiveCfg = Release|Any CPU
		{BD5A27B8-EFE1-4868-A134-82681DCA0A8D}.Release|Any CPU.Build.0 = Release|Any CPU
	EndGlobalSection
	GlobalSection(SolutionProperties) = preSolution
		HideSolutionNode = FALSE
	EndGlobalSection
	GlobalSection(ExtensibilityGlobals) = postSolution
		SolutionGuid = {CFE2716C-4060-4795-BC84-1E8D2C397876}
	EndGlobalSection
EndGlobal
